
Microsoft Visual Studio Solution File, Format Version 12.00
# Visual Studio Version 16
VisualStudioVersion = 16.0.30907.101
MinimumVisualStudioVersion = 10.0.40219.1
Project("{FAE04EC0-301F-11D3-BF4B-00C04F79EFBC}") = "ProektTRPO", "ProektTRPO.csproj", "{8A174A2B-F896-4FEB-B3C3-FB8147878414}"
EndProject
Global
	GlobalSection(SolutionConfigurationPlatforms) = preSolution
		Debug|Any CPU = Debug|Any CPU
		Release|Any CPU = Release|Any CPU
	EndGlobalSection
	GlobalSection(ProjectConfigurationPlatforms) = postSolution
		{8A174A2B-F896-4FEB-B3C3-FB8147878414}.Debug|Any CPU.ActiveCfg = Debug|Any CPU
		{8A174A2B-F896-4FEB-B3C3-FB8147878414}.Debug|Any CPU.Build.0 = Debug|Any CPU
		{8A174A2B-F896-4FEB-B3C3-FB8147878414}.Release|Any CPU.ActiveCfg = Release|Any CPU
		{8A174A2B-F896-4FEB-B3C3-FB8147878414}.Release|Any CPU.Build.0 = Release|Any CPU
	EndGlobalSection
	GlobalSection(SolutionProperties) = preSolution
		HideSolutionNode = FALSE
	EndGlobalSection
	GlobalSection(ExtensibilityGlobals) = postSolution
		SolutionGuid = {A2C14A09-DEE2-4B2D-A6CA-64FD6BC74A7D}
	EndGlobalSection
EndGlobal
